
Microsoft Visual Studio Solution File, Format Version 12.00
# Visual Studio 14
VisualStudioVersion = 14.0.24720.0
MinimumVisualStudioVersion = 10.0.40219.1
Project("{FAE04EC0-301F-11D3-BF4B-00C04F79EFBC}") = "UnidaysHomework", "UnidaysHomework\UnidaysHomework.csproj", "{ED69AF83-1022-4C29-9227-C69D56FEDA7B}"
EndProject
Project("{FAE04EC0-301F-11D3-BF4B-00C04F79EFBC}") = "UnidaysHomework.Tests", "UnidaysHomework.Tests\UnidaysHomework.Tests.csproj", "{831F5DA6-093D-49C0-97A7-76CE2C53302E}"
EndProject
Project("{2150E333-8FDC-42A3-9474-1A3956D46DE8}") = "Solution Items", "Solution Items", "{DD3BF629-18B3-4A9A-A65A-E5C627D329B1}"
	ProjectSection(SolutionItems) = preProject
		Setup_Database.sql = Setup_Database.sql
	EndProjectSection
EndProject
Project("{FAE04EC0-301F-11D3-BF4B-00C04F79EFBC}") = "UnidaysHomework.PasswordHashing", "UnidaysHomework.PasswordHashing\UnidaysHomework.PasswordHashing.csproj", "{632EAC75-BE2B-48D3-B3DA-D413BDF930B9}"
EndProject
Project("{2150E333-8FDC-42A3-9474-1A3956D46DE8}") = "Tests", "Tests", "{AD8B3AF3-34F6-4962-B37A-62108158D058}"
EndProject
Project("{FAE04EC0-301F-11D3-BF4B-00C04F79EFBC}") = "UniDaysHomework.Services", "UniDaysHomework.Services\UniDaysHomework.Services.csproj", "{9741069A-871A-4591-8CF4-6447DAFD5811}"
EndProject
Project("{FAE04EC0-301F-11D3-BF4B-00C04F79EFBC}") = "UnidaysHomework.Data", "UnidaysHomework.Data\UnidaysHomework.Data.csproj", "{E9F1B5F6-F628-4CC0-A09C-FBCC886280FD}"
EndProject
Global
	GlobalSection(SolutionConfigurationPlatforms) = preSolution
		Debug|Any CPU = Debug|Any CPU
		Release|Any CPU = Release|Any CPU
	EndGlobalSection
	GlobalSection(ProjectConfigurationPlatforms) = postSolution
		{ED69AF83-1022-4C29-9227-C69D56FEDA7B}.Debug|Any CPU.ActiveCfg = Debug|Any CPU
		{ED69AF83-1022-4C29-9227-C69D56FEDA7B}.Debug|Any CPU.Build.0 = Debug|Any CPU
		{ED69AF83-1022-4C29-9227-C69D56FEDA7B}.Release|Any CPU.ActiveCfg = Release|Any CPU
		{ED69AF83-1022-4C29-9227-C69D56FEDA7B}.Release|Any CPU.Build.0 = Release|Any CPU
		{831F5DA6-093D-49C0-97A7-76CE2C53302E}.Debug|Any CPU.ActiveCfg = Debug|Any CPU
		{831F5DA6-093D-49C0-97A7-76CE2C53302E}.Debug|Any CPU.Build.0 = Debug|Any CPU
		{831F5DA6-093D-49C0-97A7-76CE2C53302E}.Release|Any CPU.ActiveCfg = Release|Any CPU
		{831F5DA6-093D-49C0-97A7-76CE2C53302E}.Release|Any CPU.Build.0 = Release|Any CPU
		{632EAC75-BE2B-48D3-B3DA-D413BDF930B9}.Debug|Any CPU.ActiveCfg = Debug|Any CPU
		{632EAC75-BE2B-48D3-B3DA-D413BDF930B9}.Debug|Any CPU.Build.0 = Debug|Any CPU
		{632EAC75-BE2B-48D3-B3DA-D413BDF930B9}.Release|Any CPU.ActiveCfg = Release|Any CPU
		{632EAC75-BE2B-48D3-B3DA-D413BDF930B9}.Release|Any CPU.Build.0 = Release|Any CPU
		{9741069A-871A-4591-8CF4-6447DAFD5811}.Debug|Any CPU.ActiveCfg = Debug|Any CPU
		{9741069A-871A-4591-8CF4-6447DAFD5811}.Debug|Any CPU.Build.0 = Debug|Any CPU
		{9741069A-871A-4591-8CF4-6447DAFD5811}.Release|Any CPU.ActiveCfg = Release|Any CPU
		{9741069A-871A-4591-8CF4-6447DAFD5811}.Release|Any CPU.Build.0 = Release|Any CPU
		{E9F1B5F6-F628-4CC0-A09C-FBCC886280FD}.Debug|Any CPU.ActiveCfg = Debug|Any CPU
		{E9F1B5F6-F628-4CC0-A09C-FBCC886280FD}.Debug|Any CPU.Build.0 = Debug|Any CPU
		{E9F1B5F6-F628-4CC0-A09C-FBCC886280FD}.Release|Any CPU.ActiveCfg = Release|Any CPU
		{E9F1B5F6-F628-4CC0-A09C-FBCC886280FD}.Release|Any CPU.Build.0 = Release|Any CPU
	EndGlobalSection
	GlobalSection(SolutionProperties) = preSolution
		HideSolutionNode = FALSE
	EndGlobalSection
	GlobalSection(NestedProjects) = preSolution
		{831F5DA6-093D-49C0-97A7-76CE2C53302E} = {AD8B3AF3-34F6-4962-B37A-62108158D058}
	EndGlobalSection
EndGlobal
